
Microsoft Visual Studio Solution File, Format Version 12.00
# Visual Studio Version 16
VisualStudioVersion = 16.0.30717.126
MinimumVisualStudioVersion = 10.0.40219.1
Project("{FAE04EC0-301F-11D3-BF4B-00C04F79EFBC}") = "BepInEx.Partiality.Patcher", "BepInEx.Partiality.Patcher.csproj", "{CAE11876-324A-4610-8150-2D36CDD947CB}"
EndProject
Global
	GlobalSection(SolutionConfigurationPlatforms) = preSolution
		Debug|Any CPU = Debug|Any CPU
		Release|Any CPU = Release|Any CPU
	EndGlobalSection
	GlobalSection(ProjectConfigurationPlatforms) = postSolution
		{CAE11876-324A-4610-8150-2D36CDD947CB}.Debug|Any CPU.ActiveCfg = Debug|Any CPU
		{CAE11876-324A-4610-8150-2D36CDD947CB}.Debug|Any CPU.Build.0 = Debug|Any CPU
		{CAE11876-324A-4610-8150-2D36CDD947CB}.Release|Any CPU.ActiveCfg = Release|Any CPU
		{CAE11876-324A-4610-8150-2D36CDD947CB}.Release|Any CPU.Build.0 = Release|Any CPU
	EndGlobalSection
	GlobalSection(SolutionProperties) = preSolution
		HideSolutionNode = FALSE
	EndGlobalSection
	GlobalSection(ExtensibilityGlobals) = postSolution
		SolutionGuid = {1D923C9A-3031-4FB4-AB49-66FD79E6C4B7}
	EndGlobalSection
EndGlobal
